
Microsoft Visual Studio Solution File, Format Version 12.00
# Visual Studio 14
VisualStudioVersion = 14.0.23107.0
MinimumVisualStudioVersion = 10.0.40219.1
Project("{FAE04EC0-301F-11D3-BF4B-00C04F79EFBC}") = "MyFinance.Console", "MyFinance\MyFinance.Console.csproj", "{3C305C58-D732-4CDB-9EE5-C007D832A2F8}"
EndProject
Project("{FAE04EC0-301F-11D3-BF4B-00C04F79EFBC}") = "MyFinance.Domain", "MyFinance.Domain\MyFinance.Domain.csproj", "{60C96DF2-C907-4261-AB64-A0CFF7D59C5E}"
EndProject
Project("{FAE04EC0-301F-11D3-BF4B-00C04F79EFBC}") = "MyFinance.Data", "MyFinance.Data\MyFinance.Data.csproj", "{4781A6CB-4AA0-44BE-94BD-9292B1D7EF5D}"
EndProject
Global
	GlobalSection(SolutionConfigurationPlatforms) = preSolution
		Debug|Any CPU = Debug|Any CPU
		Release|Any CPU = Release|Any CPU
	EndGlobalSection
	GlobalSection(ProjectConfigurationPlatforms) = postSolution
		{3C305C58-D732-4CDB-9EE5-C007D832A2F8}.Debug|Any CPU.ActiveCfg = Debug|Any CPU
		{3C305C58-D732-4CDB-9EE5-C007D832A2F8}.Debug|Any CPU.Build.0 = Debug|Any CPU
		{3C305C58-D732-4CDB-9EE5-C007D832A2F8}.Release|Any CPU.ActiveCfg = Release|Any CPU
		{3C305C58-D732-4CDB-9EE5-C007D832A2F8}.Release|Any CPU.Build.0 = Release|Any CPU
		{60C96DF2-C907-4261-AB64-A0CFF7D59C5E}.Debug|Any CPU.ActiveCfg = Debug|Any CPU
		{60C96DF2-C907-4261-AB64-A0CFF7D59C5E}.Debug|Any CPU.Build.0 = Debug|Any CPU
		{60C96DF2-C907-4261-AB64-A0CFF7D59C5E}.Release|Any CPU.ActiveCfg = Release|Any CPU
		{60C96DF2-C907-4261-AB64-A0CFF7D59C5E}.Release|Any CPU.Build.0 = Release|Any CPU
		{4781A6CB-4AA0-44BE-94BD-9292B1D7EF5D}.Debug|Any CPU.ActiveCfg = Debug|Any CPU
		{4781A6CB-4AA0-44BE-94BD-9292B1D7EF5D}.Debug|Any CPU.Build.0 = Debug|Any CPU
		{4781A6CB-4AA0-44BE-94BD-9292B1D7EF5D}.Release|Any CPU.ActiveCfg = Release|Any CPU
		{4781A6CB-4AA0-44BE-94BD-9292B1D7EF5D}.Release|Any CPU.Build.0 = Release|Any CPU
	EndGlobalSection
	GlobalSection(SolutionProperties) = preSolution
		HideSolutionNode = FALSE
	EndGlobalSection
EndGlobal
